
Microsoft Visual Studio Solution File, Format Version 12.00
# Visual Studio 2012
Project("{FAE04EC0-301F-11D3-BF4B-00C04F79EFBC}") = "ADP.DS.FrontOffice.FI.Model", "FIApp.Model\ADP.DS.FrontOffice.FI.Model.csproj", "{0ED972B1-C2C6-4CD1-B430-7010F3CD026D}"
EndProject
Project("{FAE04EC0-301F-11D3-BF4B-00C04F79EFBC}") = "ADP.DS.FrontOffice.FI.DataManager", "ADP.DS.FrontOffice.FI.DataManager\ADP.DS.FrontOffice.FI.DataManager.csproj", "{B3A8B75A-51E7-47EF-829C-B76B910E1856}"
EndProject
Project("{FAE04EC0-301F-11D3-BF4B-00C04F79EFBC}") = "ADP.DS.FrontOffice.FI.EF", "ADP.DS.FrontOffice.FI.EF\ADP.DS.FrontOffice.FI.EF.csproj", "{2D760EFE-558A-4B8F-A44A-359848C13292}"
EndProject
Project("{FAE04EC0-301F-11D3-BF4B-00C04F79EFBC}") = "ADP.DS.FrontOffice.FI", "ADP.DS.FrontOffice.FI.WebApi\ADP.DS.FrontOffice.FI.csproj", "{994C3C58-1FF5-4823-B87F-AC5D23A841DB}"
EndProject
Global
	GlobalSection(SolutionConfigurationPlatforms) = preSolution
		Debug|Any CPU = Debug|Any CPU
		Release|Any CPU = Release|Any CPU
	EndGlobalSection
	GlobalSection(ProjectConfigurationPlatforms) = postSolution
		{0ED972B1-C2C6-4CD1-B430-7010F3CD026D}.Debug|Any CPU.ActiveCfg = Debug|Any CPU
		{0ED972B1-C2C6-4CD1-B430-7010F3CD026D}.Debug|Any CPU.Build.0 = Debug|Any CPU
		{0ED972B1-C2C6-4CD1-B430-7010F3CD026D}.Release|Any CPU.ActiveCfg = Release|Any CPU
		{0ED972B1-C2C6-4CD1-B430-7010F3CD026D}.Release|Any CPU.Build.0 = Release|Any CPU
		{B3A8B75A-51E7-47EF-829C-B76B910E1856}.Debug|Any CPU.ActiveCfg = Debug|Any CPU
		{B3A8B75A-51E7-47EF-829C-B76B910E1856}.Debug|Any CPU.Build.0 = Debug|Any CPU
		{B3A8B75A-51E7-47EF-829C-B76B910E1856}.Release|Any CPU.ActiveCfg = Release|Any CPU
		{B3A8B75A-51E7-47EF-829C-B76B910E1856}.Release|Any CPU.Build.0 = Release|Any CPU
		{2D760EFE-558A-4B8F-A44A-359848C13292}.Debug|Any CPU.ActiveCfg = Debug|Any CPU
		{2D760EFE-558A-4B8F-A44A-359848C13292}.Debug|Any CPU.Build.0 = Debug|Any CPU
		{2D760EFE-558A-4B8F-A44A-359848C13292}.Release|Any CPU.ActiveCfg = Release|Any CPU
		{2D760EFE-558A-4B8F-A44A-359848C13292}.Release|Any CPU.Build.0 = Release|Any CPU
		{994C3C58-1FF5-4823-B87F-AC5D23A841DB}.Debug|Any CPU.ActiveCfg = Debug|Any CPU
		{994C3C58-1FF5-4823-B87F-AC5D23A841DB}.Debug|Any CPU.Build.0 = Debug|Any CPU
		{994C3C58-1FF5-4823-B87F-AC5D23A841DB}.Release|Any CPU.ActiveCfg = Release|Any CPU
		{994C3C58-1FF5-4823-B87F-AC5D23A841DB}.Release|Any CPU.Build.0 = Release|Any CPU
	EndGlobalSection
	GlobalSection(SolutionProperties) = preSolution
		HideSolutionNode = FALSE
	EndGlobalSection
EndGlobal
